github.com/akavel/rsrc v0.10.2 h1:Zxm8V5eI1hW4gGaYsJQUhxpjkENuG91ki8B4zCrvEsw=
github.com/akavel/rsrc v0.10.2/go.mod h1:uLoCtb9J+EyAqh+26kdrTgmzRBFPGOolLWKpdxkKq+c=
github.com/josephspurrier/goversioninfo v1.7.0 h1:LQzXOlVm/CtbwJ9/UHl5a2HT0BjcLAwid5gqGd7ZUJ8=
github.com/josephspurrier/goversioninfo v1.7.0/go.mod h1:z9y0r2G6g5jwSJaFE0cxW9to0aeIibK7UYeLx53aQRU=
